
Microsoft Visual Studio Solution File, Format Version 12.00
# Visual Studio Version 17
VisualStudioVersion = 17.6.33717.318
MinimumVisualStudioVersion = 10.0.40219.1
Project("{FAE04EC0-301F-11D3-BF4B-00C04F79EFBC}") = "Sales.Shared", "Sales.Shared\Sales.Shared.csproj", "{52553CD1-E988-45CF-94DC-29835491FE59}"
EndProject
Project("{FAE04EC0-301F-11D3-BF4B-00C04F79EFBC}") = "Sales.API", "Sales.API\Sales.API.csproj", "{BA1DC7E6-1EFB-487A-870F-901F863B7C38}"
EndProject
Project("{FAE04EC0-301F-11D3-BF4B-00C04F79EFBC}") = "Sales.WEB", "Sales.WEB\Sales.WEB.csproj", "{93AA0A09-236C-47E0-AFA4-EC502715F142}"
EndProject
Project("{FAE04EC0-301F-11D3-BF4B-00C04F79EFBC}") = "Sales.Mobile", "Sales.Mobile\Sales.Mobile.csproj", "{54431F1C-52BF-4207-B77A-890CA7344F0B}"
EndProject
Global
	GlobalSection(SolutionConfigurationPlatforms) = preSolution
		Debug|Any CPU = Debug|Any CPU
		Release|Any CPU = Release|Any CPU
	EndGlobalSection
	GlobalSection(ProjectConfigurationPlatforms) = postSolution
		{52553CD1-E988-45CF-94DC-29835491FE59}.Debug|Any CPU.ActiveCfg = Debug|Any CPU
		{52553CD1-E988-45CF-94DC-29835491FE59}.Debug|Any CPU.Build.0 = Debug|Any CPU
		{52553CD1-E988-45CF-94DC-29835491FE59}.Release|Any CPU.ActiveCfg = Release|Any CPU
		{52553CD1-E988-45CF-94DC-29835491FE59}.Release|Any CPU.Build.0 = Release|Any CPU
		{BA1DC7E6-1EFB-487A-870F-901F863B7C38}.Debug|Any CPU.ActiveCfg = Debug|Any CPU
		{BA1DC7E6-1EFB-487A-870F-901F863B7C38}.Debug|Any CPU.Build.0 = Debug|Any CPU
		{BA1DC7E6-1EFB-487A-870F-901F863B7C38}.Release|Any CPU.ActiveCfg = Release|Any CPU
		{BA1DC7E6-1EFB-487A-870F-901F863B7C38}.Release|Any CPU.Build.0 = Release|Any CPU
		{93AA0A09-236C-47E0-AFA4-EC502715F142}.Debug|Any CPU.ActiveCfg = Debug|Any CPU
		{93AA0A09-236C-47E0-AFA4-EC502715F142}.Debug|Any CPU.Build.0 = Debug|Any CPU
		{93AA0A09-236C-47E0-AFA4-EC502715F142}.Release|Any CPU.ActiveCfg = Release|Any CPU
		{93AA0A09-236C-47E0-AFA4-EC502715F142}.Release|Any CPU.Build.0 = Release|Any CPU
		{54431F1C-52BF-4207-B77A-890CA7344F0B}.Debug|Any CPU.ActiveCfg = Debug|Any CPU
		{54431F1C-52BF-4207-B77A-890CA7344F0B}.Debug|Any CPU.Build.0 = Debug|Any CPU
		{54431F1C-52BF-4207-B77A-890CA7344F0B}.Debug|Any CPU.Deploy.0 = Debug|Any CPU
		{54431F1C-52BF-4207-B77A-890CA7344F0B}.Release|Any CPU.ActiveCfg = Release|Any CPU
		{54431F1C-52BF-4207-B77A-890CA7344F0B}.Release|Any CPU.Build.0 = Release|Any CPU
		{54431F1C-52BF-4207-B77A-890CA7344F0B}.Release|Any CPU.Deploy.0 = Release|Any CPU
	EndGlobalSection
	GlobalSection(SolutionProperties) = preSolution
		HideSolutionNode = FALSE
	EndGlobalSection
	GlobalSection(ExtensibilityGlobals) = postSolution
		SolutionGuid = {18660B6F-65B3-4E20-8C50-86F655B787ED}
	EndGlobalSection
EndGlobal
